%{"alarms": {:git, "git://github.com/chrzaszcz/alarms.git", "24a8bf0f4e09d88075719537aa90bfee52cf4317", [branch: "master"]},
  "base16": {:git, "git://github.com/goj/base16.git", "1e9dd28bdbcfb8f4aedf82b9900cfb0f094f137d", [ref: "1e9dd28bdbcfb"]},
  "bear": {:git, "git://github.com/boundary/bear.git", "5f998064d178b1b8d01ed90c228d50d8097b12d3", [tag: "0.8.1"]},
  "cowboy": {:hex, :cowboy, "1.0.0"},
  "cowlib": {:hex, :cowlib, "1.0.1"},
  "cuesport": {:git, "git://github.com/goj/cuesport.git", "3b16d99d8bc41774dbc4dabad8054b4423dec5a6", [ref: "3b16d99"]},
  "ecoveralls": {:git, "git://github.com/nifoc/ecoveralls.git", "40fa0d2f2057fff29e964f94fccf6ef2f13d34d2", [ref: "40fa0d2f2057fff29e964f94fccf6ef2f13d34d2"]},
  "edown": {:git, "https://github.com/esl/edown.git", "4d18dc4bec89c20c0ba8cab6884ce690ca606f4a", [branch: "master"]},
  "exml": {:git, "git://github.com/esl/exml.git", "b55e20e1b1b9d9d4d36e23026694128cc9c29f54", [ref: "2.1.5"]},
  "folsom": {:git, "git://github.com/boundary/folsom.git", "4824aec693c7f284363f19d999289952ec4ed586", [ref: "4824aec"]},
  "fusco": {:git, "git://github.com/esl/fusco.git", "0a428471aefb3a38207c2141249181e6c018e565", [branch: "master"]},
  "goldrush": {:git, "git://github.com/DeadZen/goldrush.git", "71e63212f12c25827e0c1b4198d37d5d018a7fec", [tag: "0.1.6"]},
  "jsx": {:git, "git://github.com/talentdeficit/jsx", "4d549dd8a990e282c3d57c5f73213674c05ebf07", [tag: "v2.1.1"]},
  "lager": {:git, "git://github.com/basho/lager.git", "b6b6cebcb27ccff8acc59ae775acebc2f52e4926", [ref: "2.0.3"]},
  "meck": {:git, "git://github.com/eproxus/meck.git", "dde759050eff19a1a80fd854d7375174b191665d", [tag: "0.8.2"]},
  "mochijson2": {:git, "git://github.com/bjnortier/mochijson2.git", "3663fb01fd98958181adc2d1300c7bfa553e1434", [branch: "master"]},
  "mongooseim": {:git, "https://github.com/esl/MongooseIM.git", "ada3d28d2e38533435807f75d1302ef296abd51f", [branch: "phoenix-integration"]},
  "mustache": {:git, "git://github.com/mojombo/mustache.erl.git", "d0246fe143058b6404f66cf99fece3ff6e87b7ed", [ref: "d0246fe143058b6404f66cf99fece3ff6e87b7ed"]},
  "p1_cache_tab": {:git, "git://github.com/processone/cache_tab", "7b89d6afb66d8ff9d56671864be74654f5b18e2f", [ref: "7b89d6a"]},
  "p1_stringprep": {:git, "git://github.com/processone/stringprep.git", "9e9e0f8dbe6a70ef36e1d4436b458ca5a77fbcfb", [ref: "9e9e0f8dbe6a70ef36e1d4436b458ca5a77fbcfb"]},
  "p1_utils": {:git, "git://github.com/processone/p1_utils", "9e646e4ff343e8e902410fa1fe28803202b7e340", [ref: "9e646e4"]},
  "pa": {:git, "git://github.com/lavrin/pa.git", "c616d3f9f33ab2f739a6c6fd4c6dacddbae05aec", [ref: "c616d3f9"]},
  "phoenix": {:hex, :phoenix, "0.8.0"},
  "plug": {:hex, :plug, "0.9.0"},
  "poison": {:hex, :poison, "1.3.0"},
  "proper": {:git, "git://github.com/manopapad/proper.git", "87e4a56e8f97f1972cde44ed30500daa4641595f", [tag: "v1.1"]},
  "ranch": {:hex, :ranch, "1.0.0"},
  "redo": {:git, "git://github.com/JacobVorreuter/redo.git", "7c7eaef4cd65271e2fc4ea88587e848407cf0762", [ref: "7c7eaef"]},
  "seestar": {:git, "git://github.com/iamaleksey/seestar.git", "83e8099b617fffe5af86d4c91d84ce3608accd25", [ref: "83e8099b617fffe5af86d4c91d84ce3608accd25"]}}
